
Microsoft Visual Studio Solution File, Format Version 12.00
# Visual Studio Version 17
VisualStudioVersion = 17.14.36221.1
MinimumVisualStudioVersion = 10.0.40219.1
Project("{FAE04EC0-301F-11D3-BF4B-00C04F79EFBC}") = "Ephemeris", "Ephemeris\Ephemeris.csproj", "{75E87529-4B32-4058-BF26-E9E57D45E26C}"
EndProject
Project("{2150E333-8FDC-42A3-9474-1A3956D46DE8}") = "Solution Items", "Solution Items", "{02EA681E-C7D8-13C7-8484-4AC65E1B71E8}"
	ProjectSection(SolutionItems) = preProject
		.editorconfig = .editorconfig
		README.md = README.md
	EndProjectSection
EndProject
Project("{FAE04EC0-301F-11D3-BF4B-00C04F79EFBC}") = "Ephemeris.Tests", "Ephemeris.Tests\Ephemeris.Tests\Ephemeris.Tests.csproj", "{74B9D8E3-4FF3-4341-8156-EF7275D538E9}"
EndProject
Project("{FAE04EC0-301F-11D3-BF4B-00C04F79EFBC}") = "Ephemeris.UI", "Ephemeris.UI\Ephemeris.UI.csproj", "{FA2DE6A8-E5F9-4041-8B13-1B6637C17926}"
EndProject
Project("{FAE04EC0-301F-11D3-BF4B-00C04F79EFBC}") = "Ephemeris.Benchmarks", "Ephemeris.Benchmarks\Ephemeris.Benchmarks.csproj", "{A34FD6B1-CB12-4447-81BA-74E1D73B5748}"
EndProject
Project("{FAE04EC0-301F-11D3-BF4B-00C04F79EFBC}") = "Ephemeris.UI.Shared", "Ephemeris.UI.Shared\Ephemeris.UI.Shared.csproj", "{B3C4D5E6-F7A8-4B9C-AD2E-3F4A5B6C7D8E}"
EndProject
Project("{FAE04EC0-301F-11D3-BF4B-00C04F79EFBC}") = "Ephemeris.UI.Avalonia", "Ephemeris.UI.Avalonia\Ephemeris.UI.Avalonia.csproj", "{C4D5E6F7-A8B9-4CAD-BE3F-4A5B6C7D8E9F}"
EndProject
Project("{FAE04EC0-301F-11D3-BF4B-00C04F79EFBC}") = "Ephemeris.MCP", "Ephemeris.MCP\Ephemeris.MCP.csproj", "{0A296FDF-73EE-4A1B-99CC-9ECC1357682F}"
EndProject
Global
	GlobalSection(SolutionConfigurationPlatforms) = preSolution
		Debug|Any CPU = Debug|Any CPU
		Debug|x64 = Debug|x64
		Debug|x86 = Debug|x86
		Release|Any CPU = Release|Any CPU
		Release|x64 = Release|x64
		Release|x86 = Release|x86
	EndGlobalSection
	GlobalSection(ProjectConfigurationPlatforms) = postSolution
		{75E87529-4B32-4058-BF26-E9E57D45E26C}.Debug|Any CPU.ActiveCfg = Debug|Any CPU
		{75E87529-4B32-4058-BF26-E9E57D45E26C}.Debug|Any CPU.Build.0 = Debug|Any CPU
		{75E87529-4B32-4058-BF26-E9E57D45E26C}.Debug|x64.ActiveCfg = Debug|Any CPU
		{75E87529-4B32-4058-BF26-E9E57D45E26C}.Debug|x64.Build.0 = Debug|Any CPU
		{75E87529-4B32-4058-BF26-E9E57D45E26C}.Debug|x86.ActiveCfg = Debug|Any CPU
		{75E87529-4B32-4058-BF26-E9E57D45E26C}.Debug|x86.Build.0 = Debug|Any CPU
		{75E87529-4B32-4058-BF26-E9E57D45E26C}.Release|Any CPU.ActiveCfg = Release|Any CPU
		{75E87529-4B32-4058-BF26-E9E57D45E26C}.Release|Any CPU.Build.0 = Release|Any CPU
		{75E87529-4B32-4058-BF26-E9E57D45E26C}.Release|x64.ActiveCfg = Release|Any CPU
		{75E87529-4B32-4058-BF26-E9E57D45E26C}.Release|x64.Build.0 = Release|Any CPU
		{75E87529-4B32-4058-BF26-E9E57D45E26C}.Release|x86.ActiveCfg = Release|Any CPU
		{75E87529-4B32-4058-BF26-E9E57D45E26C}.Release|x86.Build.0 = Release|Any CPU
		{74B9D8E3-4FF3-4341-8156-EF7275D538E9}.Debug|Any CPU.ActiveCfg = Debug|Any CPU
		{74B9D8E3-4FF3-4341-8156-EF7275D538E9}.Debug|Any CPU.Build.0 = Debug|Any CPU
		{74B9D8E3-4FF3-4341-8156-EF7275D538E9}.Debug|x64.ActiveCfg = Debug|Any CPU
		{74B9D8E3-4FF3-4341-8156-EF7275D538E9}.Debug|x64.Build.0 = Debug|Any CPU
		{74B9D8E3-4FF3-4341-8156-EF7275D538E9}.Debug|x86.ActiveCfg = Debug|Any CPU
		{74B9D8E3-4FF3-4341-8156-EF7275D538E9}.Debug|x86.Build.0 = Debug|Any CPU
		{74B9D8E3-4FF3-4341-8156-EF7275D538E9}.Release|Any CPU.ActiveCfg = Release|Any CPU
		{74B9D8E3-4FF3-4341-8156-EF7275D538E9}.Release|Any CPU.Build.0 = Release|Any CPU
		{74B9D8E3-4FF3-4341-8156-EF7275D538E9}.Release|x64.ActiveCfg = Release|Any CPU
		{74B9D8E3-4FF3-4341-8156-EF7275D538E9}.Release|x64.Build.0 = Release|Any CPU
		{74B9D8E3-4FF3-4341-8156-EF7275D538E9}.Release|x86.ActiveCfg = Release|Any CPU
		{74B9D8E3-4FF3-4341-8156-EF7275D538E9}.Release|x86.Build.0 = Release|Any CPU
		{FA2DE6A8-E5F9-4041-8B13-1B6637C17926}.Debug|Any CPU.ActiveCfg = Debug|Any CPU
		{FA2DE6A8-E5F9-4041-8B13-1B6637C17926}.Debug|Any CPU.Build.0 = Debug|Any CPU
		{FA2DE6A8-E5F9-4041-8B13-1B6637C17926}.Debug|x64.ActiveCfg = Debug|Any CPU
		{FA2DE6A8-E5F9-4041-8B13-1B6637C17926}.Debug|x64.Build.0 = Debug|Any CPU
		{FA2DE6A8-E5F9-4041-8B13-1B6637C17926}.Debug|x86.ActiveCfg = Debug|Any CPU
		{FA2DE6A8-E5F9-4041-8B13-1B6637C17926}.Debug|x86.Build.0 = Debug|Any CPU
		{FA2DE6A8-E5F9-4041-8B13-1B6637C17926}.Release|Any CPU.ActiveCfg = Release|Any CPU
		{FA2DE6A8-E5F9-4041-8B13-1B6637C17926}.Release|Any CPU.Build.0 = Release|Any CPU
		{FA2DE6A8-E5F9-4041-8B13-1B6637C17926}.Release|x64.ActiveCfg = Release|Any CPU
		{FA2DE6A8-E5F9-4041-8B13-1B6637C17926}.Release|x64.Build.0 = Release|Any CPU
		{FA2DE6A8-E5F9-4041-8B13-1B6637C17926}.Release|x86.ActiveCfg = Release|Any CPU
		{FA2DE6A8-E5F9-4041-8B13-1B6637C17926}.Release|x86.Build.0 = Release|Any CPU
		{A34FD6B1-CB12-4447-81BA-74E1D73B5748}.Debug|Any CPU.ActiveCfg = Debug|Any CPU
		{A34FD6B1-CB12-4447-81BA-74E1D73B5748}.Debug|Any CPU.Build.0 = Debug|Any CPU
		{A34FD6B1-CB12-4447-81BA-74E1D73B5748}.Debug|x64.ActiveCfg = Debug|Any CPU
		{A34FD6B1-CB12-4447-81BA-74E1D73B5748}.Debug|x64.Build.0 = Debug|Any CPU
		{A34FD6B1-CB12-4447-81BA-74E1D73B5748}.Debug|x86.ActiveCfg = Debug|Any CPU
		{A34FD6B1-CB12-4447-81BA-74E1D73B5748}.Debug|x86.Build.0 = Debug|Any CPU
		{A34FD6B1-CB12-4447-81BA-74E1D73B5748}.Release|Any CPU.ActiveCfg = Release|Any CPU
		{A34FD6B1-CB12-4447-81BA-74E1D73B5748}.Release|Any CPU.Build.0 = Release|Any CPU
		{A34FD6B1-CB12-4447-81BA-74E1D73B5748}.Release|x64.ActiveCfg = Release|Any CPU
		{A34FD6B1-CB12-4447-81BA-74E1D73B5748}.Release|x64.Build.0 = Release|Any CPU
		{A34FD6B1-CB12-4447-81BA-74E1D73B5748}.Release|x86.ActiveCfg = Release|Any CPU
		{A34FD6B1-CB12-4447-81BA-74E1D73B5748}.Release|x86.Build.0 = Release|Any CPU
		{B3C4D5E6-F7A8-4B9C-AD2E-3F4A5B6C7D8E}.Debug|Any CPU.ActiveCfg = Debug|Any CPU
		{B3C4D5E6-F7A8-4B9C-AD2E-3F4A5B6C7D8E}.Debug|Any CPU.Build.0 = Debug|Any CPU
		{B3C4D5E6-F7A8-4B9C-AD2E-3F4A5B6C7D8E}.Debug|x64.ActiveCfg = Debug|Any CPU
		{B3C4D5E6-F7A8-4B9C-AD2E-3F4A5B6C7D8E}.Debug|x64.Build.0 = Debug|Any CPU
		{B3C4D5E6-F7A8-4B9C-AD2E-3F4A5B6C7D8E}.Debug|x86.ActiveCfg = Debug|Any CPU
		{B3C4D5E6-F7A8-4B9C-AD2E-3F4A5B6C7D8E}.Debug|x86.Build.0 = Debug|Any CPU
		{B3C4D5E6-F7A8-4B9C-AD2E-3F4A5B6C7D8E}.Release|Any CPU.ActiveCfg = Release|Any CPU
		{B3C4D5E6-F7A8-4B9C-AD2E-3F4A5B6C7D8E}.Release|Any CPU.Build.0 = Release|Any CPU
		{B3C4D5E6-F7A8-4B9C-AD2E-3F4A5B6C7D8E}.Release|x64.ActiveCfg = Release|Any CPU
		{B3C4D5E6-F7A8-4B9C-AD2E-3F4A5B6C7D8E}.Release|x64.Build.0 = Release|Any CPU
		{B3C4D5E6-F7A8-4B9C-AD2E-3F4A5B6C7D8E}.Release|x86.ActiveCfg = Release|Any CPU
		{B3C4D5E6-F7A8-4B9C-AD2E-3F4A5B6C7D8E}.Release|x86.Build.0 = Release|Any CPU
		{C4D5E6F7-A8B9-4CAD-BE3F-4A5B6C7D8E9F}.Debug|Any CPU.ActiveCfg = Debug|Any CPU
		{C4D5E6F7-A8B9-4CAD-BE3F-4A5B6C7D8E9F}.Debug|Any CPU.Build.0 = Debug|Any CPU
		{C4D5E6F7-A8B9-4CAD-BE3F-4A5B6C7D8E9F}.Debug|x64.ActiveCfg = Debug|Any CPU
		{C4D5E6F7-A8B9-4CAD-BE3F-4A5B6C7D8E9F}.Debug|x64.Build.0 = Debug|Any CPU
		{C4D5E6F7-A8B9-4CAD-BE3F-4A5B6C7D8E9F}.Debug|x86.ActiveCfg = Debug|Any CPU
		{C4D5E6F7-A8B9-4CAD-BE3F-4A5B6C7D8E9F}.Debug|x86.Build.0 = Debug|Any CPU
		{C4D5E6F7-A8B9-4CAD-BE3F-4A5B6C7D8E9F}.Release|Any CPU.ActiveCfg = Release|Any CPU
		{C4D5E6F7-A8B9-4CAD-BE3F-4A5B6C7D8E9F}.Release|Any CPU.Build.0 = Release|Any CPU
		{C4D5E6F7-A8B9-4CAD-BE3F-4A5B6C7D8E9F}.Release|x64.ActiveCfg = Release|Any CPU
		{C4D5E6F7-A8B9-4CAD-BE3F-4A5B6C7D8E9F}.Release|x64.Build.0 = Release|Any CPU
		{C4D5E6F7-A8B9-4CAD-BE3F-4A5B6C7D8E9F}.Release|x86.ActiveCfg = Release|Any CPU
		{C4D5E6F7-A8B9-4CAD-BE3F-4A5B6C7D8E9F}.Release|x86.Build.0 = Release|Any CPU
		{0A296FDF-73EE-4A1B-99CC-9ECC1357682F}.Debug|Any CPU.ActiveCfg = Debug|Any CPU
		{0A296FDF-73EE-4A1B-99CC-9ECC1357682F}.Debug|Any CPU.Build.0 = Debug|Any CPU
		{0A296FDF-73EE-4A1B-99CC-9ECC1357682F}.Debug|x64.ActiveCfg = Debug|Any CPU
		{0A296FDF-73EE-4A1B-99CC-9ECC1357682F}.Debug|x64.Build.0 = Debug|Any CPU
		{0A296FDF-73EE-4A1B-99CC-9ECC1357682F}.Debug|x86.ActiveCfg = Debug|Any CPU
		{0A296FDF-73EE-4A1B-99CC-9ECC1357682F}.Debug|x86.Build.0 = Debug|Any CPU
		{0A296FDF-73EE-4A1B-99CC-9ECC1357682F}.Release|Any CPU.ActiveCfg = Release|Any CPU
		{0A296FDF-73EE-4A1B-99CC-9ECC1357682F}.Release|Any CPU.Build.0 = Release|Any CPU
		{0A296FDF-73EE-4A1B-99CC-9ECC1357682F}.Release|x64.ActiveCfg = Release|Any CPU
		{0A296FDF-73EE-4A1B-99CC-9ECC1357682F}.Release|x64.Build.0 = Release|Any CPU
		{0A296FDF-73EE-4A1B-99CC-9ECC1357682F}.Release|x86.ActiveCfg = Release|Any CPU
		{0A296FDF-73EE-4A1B-99CC-9ECC1357682F}.Release|x86.Build.0 = Release|Any CPU
	EndGlobalSection
	GlobalSection(SolutionProperties) = preSolution
		HideSolutionNode = FALSE
	EndGlobalSection
	GlobalSection(ExtensibilityGlobals) = postSolution
		SolutionGuid = {125917DA-EB18-4715-B09E-E07ABC2C486D}
	EndGlobalSection
EndGlobal
